
Microsoft Visual Studio Solution File, Format Version 12.00
# Visual Studio 15
VisualStudioVersion = 15.0.28307.489
MinimumVisualStudioVersion = 10.0.40219.1
Project("{8BC9CEB8-8B4A-11D0-8D11-00A0C91BC942}") = "Bingo", "Bingo\Bingo.vcxproj", "{B5A8889C-5400-45F0-95D1-FD6FED927BA4}"
EndProject
Global
	GlobalSection(SolutionConfigurationPlatforms) = preSolution
		Debug|x64 = Debug|x64
		Debug|x86 = Debug|x86
		Release|x64 = Release|x64
		Release|x86 = Release|x86
	EndGlobalSection
	GlobalSection(ProjectConfigurationPlatforms) = postSolution
		{B5A8889C-5400-45F0-95D1-FD6FED927BA4}.Debug|x64.ActiveCfg = Debug|x64
		{B5A8889C-5400-45F0-95D1-FD6FED927BA4}.Debug|x64.Build.0 = Debug|x64
		{B5A8889C-5400-45F0-95D1-FD6FED927BA4}.Debug|x86.ActiveCfg = Debug|Win32
		{B5A8889C-5400-45F0-95D1-FD6FED927BA4}.Debug|x86.Build.0 = Debug|Win32
		{B5A8889C-5400-45F0-95D1-FD6FED927BA4}.Release|x64.ActiveCfg = Release|x64
		{B5A8889C-5400-45F0-95D1-FD6FED927BA4}.Release|x64.Build.0 = Release|x64
		{B5A8889C-5400-45F0-95D1-FD6FED927BA4}.Release|x86.ActiveCfg = Release|Win32
		{B5A8889C-5400-45F0-95D1-FD6FED927BA4}.Release|x86.Build.0 = Release|Win32
	EndGlobalSection
	GlobalSection(SolutionProperties) = preSolution
		HideSolutionNode = FALSE
	EndGlobalSection
	GlobalSection(ExtensibilityGlobals) = postSolution
		SolutionGuid = {9CA9827E-AF53-4E1F-9139-7B17ADD51457}
	EndGlobalSection
EndGlobal
